version = 1
revision = 3
requires-python = ">=3.11"

[[package]]
name = "annotated-doc"
version = "0.0.5"
source = { registry = "https://pypi.org/simple" }
sdist = { url = "https://files.pythonhosted.org/packages/5a/8e/38aa427ed5402449e226975b649c5dc73ccadfefeb95e6aecb8f8ea4b6b6/annotated_doc-0.0.5.tar.gz", hash = "sha256:c7e58ce09192557605d8bbd92836d7e1d520ac9580096042c0bfd197efacf1bb", size = 10758, upload-time = "2026-07-28T13:50:58.129Z" }
wheels = [
    { url = "https://files.pythonhosted.org/packages/3e/30/e900b21425a860e195f32e37657aa1f7c7f2b1bfb26f03ca209b90933c06/annotated_doc-0.0.5-py3-none-any.whl", hash = "sha256:117bac03a25ede5df5440e855b32d556049ca169ead221505badf432fed4b101", size = 5302, upload-time = "2026-07-28T13:50:57.239Z" },
]

[[package]]
name = "anyio"
version = "4.15.1"
source = { registry = "https://pypi.org/simple" }
dependencies = [
    { name = "idna" },
    { name = "typing-extensions", marker = "python_full_version < '3.15'" },
]
sdist = { url = "https://files.pythonhosted.org/packages/a9/d2/f4d173e22df740bc37b1db102b386ba719b66e95b0f0d751f556b387e6d2/anyio-4.15.1.tar.gz", hash = "sha256:9f28306018cbd6d329e64a36d58256edff76dd996fe423bc957326e578b82a94", size = 276966, upload-time = "2026-09-05T10:42:39.44Z" }
wheels = [
    { url = "https://files.pythonhosted.org/packages/12/b8/4bd346e22b28902df4d651910f5242c28d84e4a5c2435ca5c3f797ed7e2e/anyio-4.15.1-py3-none-any.whl", hash = "sha256:6152fdbbf9a77fdec97731721bebf7c4c44f7c29b424b0065826173efc7ed101", size = 132079, upload-time = "2026-09-05T10:42:37.923Z" },
]

[[package]]
name = "certifi"
version = "2026.7.22"
source = { registry = "https://pypi.org/simple" }
sdist = { url = "https://files.pythonhosted.org/packages/a3/c2/24167ea9858356b47a87a50d39908bfdb72ceeefe0041586e704e5376b3a/certifi-2026.7.22.tar.gz", hash = "sha256:741e2c3b351ddf169a738da9f2c048608ff7f2c5cc02f1ebc6b118bb090d5d55", size = 138112, upload-time = "2026-07-22T03:35:12.644Z" }
wheels = [
    { url = "https://files.pythonhosted.org/packages/0b/a7/71ac2cff56fec219ed242bb11b8efb69fcc4bec75db06fb7bfe35de520e6/certifi-2026.7.22-py3-none-any.whl", hash = "sha256:62f22742b58a1a33014a2b6b706588a8d7e2a88ae7bd1a6ebe8c992928483775", size = 136983, upload-time = "2026-07-22T03:35:11.276Z" },
]

[[package]]
name = "colorama"
version = "0.4.6"
source = { registry = "https://pypi.org/simple" }
sdist = { url = "https://files.pythonhosted.org/packages/d8/53/6f443c9a4a8358a93a6792e2acffb9d9d5cb0a5cfd8802644b7b1c9a02e4/colorama-0.4.6.tar.gz", hash = "sha256:08695f5cb7ed6e0531a20572697297273c47b8cae5a63ffc6d6ed5c201be6e44", size = 27697, upload-time = "2022-10-25T02:36:22.414Z" }
wheels = [
    { url = "https://files.pythonhosted.org/packages/d1/d6/3965ed04c63042e047cb6a3e6ed1a63a35087b6a609aa3a15ed8ac56c221/colorama-0.4.6-py2.py3-none-any.whl", hash = "sha256:4f1d9991f5acc0ca119f9d443620b77f9d6b33703e51011c16baf57afb285fc6", size = 25335, upload-time = "2022-10-25T02:36:20.889Z" },
]

[[package]]
name = "feedparser"
version = "6.0.14"
source = { registry = "https://pypi.org/simple" }
dependencies = [
    { name = "feedparser-sgmllib" },
]
sdist = { url = "https://files.pythonhosted.org/packages/37/8a/a53da4a77352045d277978a2df322d5379369f9deb1707178899ff7e1121/feedparser-6.0.14.tar.gz", hash = "sha256:088679b0c4b543ee211a820dd544698c76a402122eae7473c04a43425f283d06", size = 286108, upload-time = "2026-07-30T14:07:40.491Z" }
wheels = [
    { url = "https://files.pythonhosted.org/packages/7f/61/f04912e63702e73fb2a378f9c0a1ad9eb17a334a11a6b3fe1daa593903c2/feedparser-6.0.14-py3-none-any.whl", hash = "sha256:e35e3f760151b0c3b22cac9684155cae186a233e16c49bcbc6c49e91e3131137", size = 80668, upload-time = "2026-07-30T14:07:39.175Z" },
]

[[package]]
name = "feedparser-sgmllib"
version = "2.1.0"
source = { registry = "https://pypi.org/simple" }
sdist = { url = "https://files.pythonhosted.org/packages/da/df/38596299216e5c22d60ed7f97902bb2bc72cfb95f732400f4fa976fd2e62/feedparser_sgmllib-2.1.0.tar.gz", hash = "sha256:61facf2918c4389b5b00714f76c5e03431ffcd94cd1f51d657edd6cd7c396579", size = 26845, upload-time = "2026-08-02T21:27:53.891Z" }
wheels = [
    { url = "https://files.pythonhosted.org/packages/85/a0/79a31f898092e145bd66e2b338fb0656979acb2bbbcae8220940fbfcd820/feedparser_sgmllib-2.1.0-py3-none-any.whl", hash = "sha256:2cab2d43b95a954f920f18aebce7a4dbbb3f539780b127e2aa114f579821e01d", size = 11652, upload-time = "2026-08-02T21:27:52.894Z" },
]

[[package]]
name = "h11"
version = "0.16.0"
source = { registry = "https://pypi.org/simple" }
sdist = { url = "https://files.pythonhosted.org/packages/01/ee/02a2c011bdab74c6fb3c75474d40b3052059d95df7e73351460c8588d963/h11-0.16.0.tar.gz", hash = "sha256:4e35b956cf45792e4caa5885e69fba00bdbc6ffafbfa020300e549b208ee5ff1", size = 101250, upload-time = "2025-04-24T03:35:25.427Z" }
wheels = [
    { url = "https://files.pythonhosted.org/packages/04/4b/29cac41a4d98d144bf5f6d33995617b185d14b22401f75ca86f384e87ff1/h11-0.16.0-py3-none-any.whl", hash = "sha256:63cf8bbe7522de3bf65932fda1d9c2772064ffb3dae62d55932da54b31cb6c86", size = 37515, upload-time = "2025-04-24T03:35:24.344Z" },
]

[[package]]
name = "httpcore"
version = "1.0.9"
source = { registry = "https://pypi.org/simple" }
dependencies = [
    { name = "certifi" },
    { name = "h11" },
]
sdist = { url = "https://files.pythonhosted.org/packages/06/94/82699a10bca87a5556c9c59b5963f2d039dbd239f25bc2a63907a05a14cb/httpcore-1.0.9.tar.gz", hash = "sha256:6e34463af53fd2ab5d807f399a9b45ea31c3dfa2276f15a2c3f00afff6e176e8", size = 85484, upload-time = "2025-04-24T22:06:22.219Z" }
wheels = [
    { url = "https://files.pythonhosted.org/packages/7e/f5/f66802a942d491edb555dd61e3a9961140fd64c90bce1eafd741609d334d/httpcore-1.0.9-py3-none-any.whl", hash = "sha256:2d400746a40668fc9dec9810239072b40b4484b640a8c38fd654a024c7a1bf55", size = 78784, upload-time = "2025-04-24T22:06:20.566Z" },
]

[[package]]
name = "httpx"
version = "0.28.1"
source = { registry = "https://pypi.org/simple" }
dependencies = [
    { name = "anyio" },
    { name = "certifi" },
    { name = "httpcore" },
    { name = "idna" },
]
sdist = { url = "https://files.pythonhosted.org/packages/b1/df/48c586a5fe32a0f01324ee087459e112ebb7224f646c0b5023f5e79e9956/httpx-0.28.1.tar.gz", hash = "sha256:75e98c5f16b0f35b567856f597f06ff2270a374470a5c2392242528e3e3e42fc", size = 141406, upload-time = "2024-12-06T15:37:23.222Z" }
wheels = [
    { url = "https://files.pythonhosted.org/packages/2a/39/e50c7c3a983047577ee07d2a9e53faf5a69493943ec3f6a384bdc792deb2/httpx-0.28.1-py3-none-any.whl", hash = "sha256:d909fcccc110f8c7faf814ca82a9a4d816bc5a6dbfea25d6591d6985b8ba59ad", size = 73517, upload-time = "2024-12-06T15:37:21.509Z" },
]

[[package]]
name = "idna"
version = "3.20"
source = { registry = "https://pypi.org/simple" }
sdist = { url = "https://files.pythonhosted.org/packages/f5/08/8eea9d4b8302028f3abb2c0813953f7aec26d33b7a8960ed760e65ff29fa/idna-3.20.tar.gz", hash = "sha256:a7db850025b95ded1eae8a46181a1a6c56c92c96f0e2b005d9ff8dc0210cab44", size = 216463, upload-time = "2026-09-17T14:11:04.752Z" }
wheels = [
    { url = "https://files.pythonhosted.org/packages/58/a2/bb081bab032533a855d44de1d56f8e8426114ff1ba5d1f07a438a0a654f8/idna-3.20-py3-none-any.whl", hash = "sha256:ab7ae7122974553370f0bdb919e1a960b2cd1bc1ef0276416d896db81c14582c", size = 69583, upload-time = "2026-09-17T14:11:03.168Z" },
]

[[package]]
name = "linkify-it-py"
version = "2.2.0"
source = { registry = "https://pypi.org/simple" }
sdist = { url = "https://files.pythonhosted.org/packages/45/98/7a1a5f31fd5c7ba93e963b168e244b8e3dd705b3d2a718e3c3307583bf57/linkify_it_py-2.2.0.tar.gz", hash = "sha256:907acd2d17ac1fbb9ddb62c8957ccbd6158cac602231a15c3b0cd1e215f03cee", size = 32939, upload-time = "2026-08-29T07:07:08.305Z" }
wheels = [
    { url = "https://files.pythonhosted.org/packages/13/d4/1152d1c7ab42d8b908be64fd200ddc870dc9d4925e951198702084aa1a7d/linkify_it_py-2.2.0-py3-none-any.whl", hash = "sha256:3adc40eb5af300b2605fcfdb968c24e1d780a90f1f2221af7c15e5111e94d443", size = 21971, upload-time = "2026-08-29T07:07:07.164Z" },
]

[[package]]
name = "markdown-it-py"
version = "4.2.0"
source = { registry = "https://pypi.org/simple" }
dependencies = [
    { name = "mdurl" },
]
sdist = { url = "https://files.pythonhosted.org/packages/06/ff/7841249c247aa650a76b9ee4bbaeae59370dc8bfd2f6c01f3630c35eb134/markdown_it_py-4.2.0.tar.gz", hash = "sha256:04a21681d6fbb623de53f6f364d352309d4094dd4194040a10fd51833e418d49", size = 82454, upload-time = "2026-05-07T12:08:28.36Z" }
wheels = [
    { url = "https://files.pythonhosted.org/packages/b3/81/4da04ced5a082363ecfa159c010d200ecbd959ae410c10c0264a38cac0f5/markdown_it_py-4.2.0-py3-none-any.whl", hash = "sha256:9f7ebbcd14fe59494226453aed97c1070d83f8d24b6fc3a3bcf9a38092641c4a", size = 91687, upload-time = "2026-05-07T12:08:27.182Z" },
]

[package.optional-dependencies]
linkify = [
    { name = "linkify-it-py" },
]

[[package]]
name = "mdit-py-plugins"
version = "0.6.1"
source = { registry = "https://pypi.org/simple" }
dependencies = [
    { name = "markdown-it-py" },
]
sdist = { url = "https://files.pythonhosted.org/packages/59/fc/f8d0863f8862f25602c0404d75568e89fb6b4109804645e5cdfb1be5cf56/mdit_py_plugins-0.6.1.tar.gz", hash = "sha256:a2bca0f039f39dbd35fb74ae1b5f998608c437463371f0ff7f49a19a17a114d0", size = 56114, upload-time = "2026-05-13T09:03:38.91Z" }
wheels = [
    { url = "https://files.pythonhosted.org/packages/a5/69/6da5581c6a7fede7dc261bf4e67d6adca4196f176b43288b55b3db395b6e/mdit_py_plugins-0.6.1-py3-none-any.whl", hash = "sha256:214c82fb2ac524472ab6a5bcab1de80f73b50443e187f401bfd77efbc7c6481d", size = 66663, upload-time = "2026-05-13T09:03:37.76Z" },
]

[[package]]
name = "mdurl"
version = "0.1.2"
source = { registry = "https://pypi.org/simple" }
sdist = { url = "https://files.pythonhosted.org/packages/d6/54/cfe61301667036ec958cb99bd3efefba235e65cdeb9c84d24a8293ba1d90/mdurl-0.1.2.tar.gz", hash = "sha256:bb413d29f5eea38f31dd4754dd7377d4465116fb207585f97bf925588687c1ba", size = 8729, upload-time = "2022-08-14T12:40:10.846Z" }
wheels = [
    { url = "https://files.pythonhosted.org/packages/b3/38/89ba8ad64ae25be8de66a6d463314cf1eb366222074cfda9ee839c56a4b4/mdurl-0.1.2-py3-none-any.whl", hash = "sha256:84008a41e51615a49fc9966191ff91509e3c40b939176e643fd50a5c2196b8f8", size = 9979, upload-time = "2022-08-14T12:40:09.779Z" },
]

[[package]]
name = "opds-tui"
version = "0.1.0"
source = { editable = "." }
dependencies = [
    { name = "feedparser" },
    { name = "httpx" },
    { name = "platformdirs" },
    { name = "textual" },
    { name = "typer" },
]

[package.dev-dependencies]
dev = [
    { name = "ruff" },
]

[package.metadata]
requires-dist = [
    { name = "feedparser", specifier = ">=6.0.14" },
    { name = "httpx", specifier = ">=0.28.1" },
    { name = "platformdirs", specifier = ">=4.12.3" },
    { name = "textual", specifier = ">=8.2.8" },
    { name = "typer", specifier = ">=0.27.3" },
]

[package.metadata.requires-dev]
dev = [{ name = "ruff", specifier = ">=0.16.10" }]

[[package]]
name = "platformdirs"
version = "4.12.3"
source = { registry = "https://pypi.org/simple" }
sdist = { url = "https://files.pythonhosted.org/packages/42/23/4a86fc741c38c5b69792a4ef954b281afa69bea9f083f881de1b0d23bc07/platformdirs-4.12.3.tar.gz", hash = "sha256:427fc0bb321ae0c5b037fa03238ca74820437be162e78b4848c4d4055b9b766c", size = 59538, upload-time = "2026-10-03T23:40:46.595Z" }
wheels = [
    { url = "https://files.pythonhosted.org/packages/c5/9b/6ce1ead737fe496611bda600c263b9a11ae7bd8f41bb13f9bd7e0a2c37a4/platformdirs-4.12.3-py3-none-any.whl", hash = "sha256:080f3b39423b5abfca9a23d84c4e9795f54d395cd8459867a8ded44084fcd5f8", size = 32493, upload-time = "2026-10-03T23:40:45.104Z" },
]

[[package]]
name = "pygments"
version = "2.21.0"
source = { registry = "https://pypi.org/simple" }
sdist = { url = "https://files.pythonhosted.org/packages/49/2e/ced460408999b33da6b31b0021b0f37d329e202d4169aeb164493778f25b/pygments-2.21.0.tar.gz", hash = "sha256:610ca751c9bc2492b38eb9a38a7fbc93edbbb2d7182edaf34e66ae493dee5c8c", size = 5005329, upload-time = "2026-08-17T08:02:48.824Z" }
wheels = [
    { url = "https://files.pythonhosted.org/packages/71/46/17f022dd3e953bf20a04a028a21ec746d942f8d2af30fa0f124fa0e6a684/pygments-2.21.0-py3-none-any.whl", hash = "sha256:2363c69b61c4a97c838da3b130dcd6468f4848992b21a82f2a63ec34377137d9", size = 1250147, upload-time = "2026-08-17T08:02:44.912Z" },
]

[[package]]
name = "rich"
version = "15.0.0"
source = { registry = "https://pypi.org/simple" }
dependencies = [
    { name = "markdown-it-py" },
    { name = "pygments" },
]
sdist = { url = "https://files.pythonhosted.org/packages/c0/8f/0722ca900cc807c13a6a0c696dacf35430f72e0ec571c4275d2371fca3e9/rich-15.0.0.tar.gz", hash = "sha256:edd07a4824c6b40189fb7ac9bc4c52536e9780fbbfbddf6f1e2502c31b068c36", size = 230680, upload-time = "2026-04-12T08:24:00.75Z" }
wheels = [
    { url = "https://files.pythonhosted.org/packages/82/3b/64d4899d73f91ba49a8c18a8ff3f0ea8f1c1d75481760df8c68ef5235bf5/rich-15.0.0-py3-none-any.whl", hash = "sha256:33bd4ef74232fb73fe9279a257718407f169c09b78a87ad3d296f548e27de0bb", size = 310654, upload-time = "2026-04-12T08:24:02.83Z" },
]

[[package]]
name = "ruff"
version = "0.16.10"
source = { registry = "https://pypi.org/simple" }
sdist = { url = "https://files.pythonhosted.org/packages/c4/49/23802c45f093eb14bde54b141d2b2f058edfa63a06db7beed047308cc08f/ruff-0.16.10.tar.gz", hash = "sha256:eff4728c4eaae93f0955cd264d24b2ab348e74bf59986ccf282ba6dc16b3b017", size = 4958724, upload-time = "2026-10-01T18:03:21.697Z" }
wheels = [
    { url = "https://files.pythonhosted.org/packages/2f/21/ebce22e1d90cdb2cd691026b9c6e9bec6499f0b396089481755b5d49efff/ruff-0.16.10-py3-none-linux_armv6l.whl", hash = "sha256:488b0fe3f3574210e5cf80d9f59b9e3ab17a127a8155de3f307b392589cfb511", size = 10095557, upload-time = "2026-10-01T18:02:36.072Z" },
    { url = "https://files.pythonhosted.org/packages/cb/98/a54de85876a8b2612bfa0d84c7b9abfb39c6a3354aee7800b09c1649b9e3/ruff-0.16.10-py3-none-macosx_10_12_x86_64.whl", hash = "sha256:e748ff95c934c4e978783b8e687bc174e7bd84e8ad24e3243e1ecfcda5e0282d", size = 10340577, upload-time = "2026-10-01T18:02:39.258Z" },
    { url = "https://files.pythonhosted.org/packages/9f/16/1a5a4a2657effe4806110f2b907313802f1367fcdbb29e8122766e407fab/ruff-0.16.10-py3-none-macosx_11_0_arm64.whl", hash = "sha256:3031a4a2e8e7b8a46f70be45f198c35a11ece509a94b80334d8d397a33c67550", size = 9774282, upload-time = "2026-10-01T18:02:41.79Z" },
    { url = "https://files.pythonhosted.org/packages/6e/fb/470085af734da396e68cd80fb0a3e7c109a459716ae59588c0f6fab8a17d/ruff-0.16.10-py3-none-manylinux_2_17_aarch64.manylinux2014_aarch64.whl", hash = "sha256:494401c86df4c4c25f69b9419605d944467ee98c42fb6ad405ef4fa40b8fb67d", size = 9920895, upload-time = "2026-10-01T18:02:44.458Z" },
    { url = "https://files.pythonhosted.org/packages/57/de/f10cffe4f88a37ea6615ec460f01bf76f0bc1477737a35d9ee61a630a78b/ruff-0.16.10-py3-none-manylinux_2_17_armv7l.manylinux2014_armv7l.whl", hash = "sha256:d203abc0ff2b773ee33d00ab8df0bb67046fbc7c07b119332f08b9b345cf8221", size = 9902707, upload-time = "2026-10-01T18:02:47.041Z" },
    { url = "https://files.pythonhosted.org/packages/ff/44/3fdcedf83ae60ef837dd239170e480dce606a9142cfa2db911afdf855fd9/ruff-0.16.10-py3-none-manylinux_2_17_i686.manylinux2014_i686.whl", hash = "sha256:bd83d1235a5258d318477bc5b576303974cbdef5df0c01a1bff14efcc23bd12a", size = 10619287, upload-time = "2026-10-01T18:02:49.485Z" },
    { url = "https://files.pythonhosted.org/packages/c1/62/02e76a5574002153618eafbb70e159468addc72a5d2c488e65cbb4639d2d/ruff-0.16.10-py3-none-manylinux_2_17_ppc64le.manylinux2014_ppc64le.whl", hash = "sha256:bc2610fb269fa56dd8a68669ae470fa6272902668c0fc2ebc3aa112b2633d5b8", size = 11339942, upload-time = "2026-10-01T18:02:52.008Z" },
    { url = "https://files.pythonhosted.org/packages/6b/c4/cde27d47ad8d4126c587e608c67c46e7feac11763f606d261a1bc8a489e6/ruff-0.16.10-py3-none-manylinux_2_17_s390x.manylinux2014_s390x.whl", hash = "sha256:3e70175e29cc94c26ea296c80e470180b744b7419026898e58f520c6ab32578e", size = 10934316, upload-time = "2026-10-01T18:02:54.811Z" },
    { url = "https://files.pythonhosted.org/packages/e4/03/17234145f302a645a123e8c3bb2411ecf4669fbc350de3b0d803230a1729/ruff-0.16.10-py3-none-manylinux_2_17_x86_64.manylinux2014_x86_64.whl", hash = "sha256:f33f43a864a8483eebd160e713336c8bab02c934feaff0a33cf5ccb41546d09a", size = 10387968, upload-time = "2026-10-01T18:02:57.497Z" },
    { url = "https://files.pythonhosted.org/packages/71/29/2493af60240ee7644b38a4b821f5f9c3b5a4fa3178770fe1d0c685217395/ruff-0.16.10-py3-none-manylinux_2_31_riscv64.whl", hash = "sha256:1dfc6f0088149fb6a362c1c446bcbb3fd2157b3852fe2fa68409276eab9ad9b3", size = 10537906, upload-time = "2026-10-01T18:03:00.006Z" },
    { url = "https://files.pythonhosted.org/packages/2e/9a/f56b28f3b143bb9e518c34fb89ab191b626bca8b70dbf8af0d2e2d473572/ruff-0.16.10-py3-none-musllinux_1_2_aarch64.whl", hash = "sha256:6553498afc35f580f036030795810b9e6bcea31604b0fd9e8d352795473042e3", size = 10012938, upload-time = "2026-10-01T18:03:03.006Z" },
    { url = "https://files.pythonhosted.org/packages/c2/c4/fca37362848ea4d4d80712df13632e645e7c7cfb1bdedf140699ac7a090b/ruff-0.16.10-py3-none-musllinux_1_2_armv7l.whl", hash = "sha256:a3b8471dea115d37f123882be852bed13403746d3a76c11de4a19ec5f9ff5a03", size = 9897945, upload-time = "2026-10-01T18:03:05.818Z" },
    { url = "https://files.pythonhosted.org/packages/7d/c7/e0bc57664d6e0c61fd22f620af260fe9662d7e1ddb320ea7f160e76ef165/ruff-0.16.10-py3-none-musllinux_1_2_i686.whl", hash = "sha256:92e59a70bcbd9d3a5483656da906ec28edfdacfce00afd99edb8b4e9d15644be", size = 10333134, upload-time = "2026-10-01T18:03:08.25Z" },
    { url = "https://files.pythonhosted.org/packages/21/aa/5c9f3b68737c0e4a33a1db5dfab44f7b786d96ca91a7233112ddab1e6dc2/ruff-0.16.10-py3-none-musllinux_1_2_x86_64.whl", hash = "sha256:7ae7375f803b5520dc9f546bed7e3a0acb70b91812e9bb4b19927de22f25b77d", size = 10741702, upload-time = "2026-10-01T18:03:10.775Z" },
    { url = "https://files.pythonhosted.org/packages/78/fa/0f9c2020dc316c53d983be011720b8157cc052b97e3f4dfa7db6d0f880a6/ruff-0.16.10-py3-none-win32.whl", hash = "sha256:2a12e01cb9156c10c466f63b46eaae5ecea28dfbd21b5836353ae498e7d1349a", size = 10139176, upload-time = "2026-10-01T18:03:13.267Z" },
    { url = "https://files.pythonhosted.org/packages/99/29/cfb0df9448d4d4ad48c2de029ada9ebd71baa6da983a6c77ee6c6cd0fe82/ruff-0.16.10-py3-none-win_amd64.whl", hash = "sha256:97f2015c92aa97105b0eab19eb5d224884399281cfc5da86a92db4ab5e7fb2ca", size = 10584734, upload-time = "2026-10-01T18:03:16.006Z" },
    { url = "https://files.pythonhosted.org/packages/fc/05/c16957eb287c3fc062e032619a25868d93d408a844b725bcf514f7a378ff/ruff-0.16.10-py3-none-win_arm64.whl", hash = "sha256:25a65fe998c4e6861ec079ada5826a2fc605e6cbccbe9dcd7fac1f54e791621b", size = 10366440, upload-time = "2026-10-01T18:03:19.04Z" },
]

[[package]]
name = "shellingham"
version = "1.5.4"
source = { registry = "https://pypi.org/simple" }
sdist = { url = "https://files.pythonhosted.org/packages/58/15/8b3609fd3830ef7b27b655beb4b4e9c62313a4e8da8c676e142cc210d58e/shellingham-1.5.4.tar.gz", hash = "sha256:8dbca0739d487e5bd35ab3ca4b36e11c4078f3a234bfce294b0a0291363404de", size = 10310, upload-time = "2023-10-24T04:13:40.426Z" }
wheels = [
    { url = "https://files.pythonhosted.org/packages/e0/f9/0595336914c5619e5f28a1fb793285925a8cd4b432c9da0a987836c7f822/shellingham-1.5.4-py2.py3-none-any.whl", hash = "sha256:7ecfff8f2fd72616f7481040475a65b2bf8af90a56c89140852d1120324e8686", size = 9755, upload-time = "2023-10-24T04:13:38.866Z" },
]

[[package]]
name = "textual"
version = "8.2.8"
source = { registry = "https://pypi.org/simple" }
dependencies = [
    { name = "markdown-it-py", extra = ["linkify"] },
    { name = "mdit-py-plugins" },
    { name = "platformdirs" },
    { name = "pygments" },
    { name = "rich" },
    { name = "typing-extensions" },
]
sdist = { url = "https://files.pythonhosted.org/packages/00/21/39a76b01bd5eea82a04baaca7580e105d8c59450df03998345bb2cfb307b/textual-8.2.8.tar.gz", hash = "sha256:3f106a9fbc73e39dd266c9712432087de78a6d644084c7c241d6a25c3169115b", size = 1860502, upload-time = "2026-06-30T06:51:24.495Z" }
wheels = [
    { url = "https://files.pythonhosted.org/packages/fb/be/35261223d9416a0751cdff1c7b4a6f881387218a12d439fe22fefebc8c04/textual-8.2.8-py3-none-any.whl", hash = "sha256:267375fd402dc8d981457212efa71f0e3365fd17bba144ba9bb3ed7563cb374a", size = 731418, upload-time = "2026-06-30T06:51:26.364Z" },
]

[[package]]
name = "typer"
version = "0.27.3"
source = { registry = "https://pypi.org/simple" }
dependencies = [
    { name = "annotated-doc" },
    { name = "colorama", marker = "sys_platform == 'win32'" },
    { name = "rich" },
    { name = "shellingham" },
]
sdist = { url = "https://files.pythonhosted.org/packages/03/51/d33db42cc72ffd8c30777547b42d01f0cbf9d95a770457698d0174b3ed71/typer-0.27.3.tar.gz", hash = "sha256:d0396f770a560ab1b0a8504e13b5f254b728cedb05c61cf0359e944e50ce8901", size = 205303, upload-time = "2026-10-06T17:24:16.61Z" }
wheels = [
    { url = "https://files.pythonhosted.org/packages/07/ea/2e31b67051e91a133189e9c000c222502ddc6969856416de0d095de4c0b0/typer-0.27.3-py3-none-any.whl", hash = "sha256:e50022f28b82a86313e54501317a1db64bf8f8d036ff8cfe5ca7e47675454aff", size = 123312, upload-time = "2026-10-06T17:24:15.054Z" },
]

[[package]]
name = "typing-extensions"
version = "4.16.0"
source = { registry = "https://pypi.org/simple" }
sdist = { url = "https://files.pythonhosted.org/packages/f6/cc/6253133b5bb138fc3306cebfbda2c520f545d36b5be2c7255cc528bb45d6/typing_extensions-4.16.0.tar.gz", hash = "sha256:dc983d19a509c94dba722ee6abd33940f7c05a89e243c47e907eb4db6f1a43e5", size = 113555, upload-time = "2026-07-02T08:40:05.92Z" }
wheels = [
    { url = "https://files.pythonhosted.org/packages/49/d3/b8441a820a491ddfc024b0b0cf0393375b75ea13866d9c66727e54c2fc80/typing_extensions-4.16.0-py3-none-any.whl", hash = "sha256:481caa481374e813c1b176ada14e97f1f67a4539ce9cfeb3f350d78d6370c2e8", size = 45571, upload-time = "2026-07-02T08:40:04.659Z" },
]
